
Microsoft Visual Studio Solution File, Format Version 12.00
# Visual Studio Version 16
VisualStudioVersion = 16.0.31702.278
MinimumVisualStudioVersion = 10.0.40219.1
Project("{8BC9CEB8-8B4A-11D0-8D11-00A0C91BC942}") = "fat32_파싱", "fat32_파싱.vcxproj", "{CFCE4757-7208-4A39-834A-BAEF65F83AB2}"
EndProject
Project("{8BC9CEB8-8B4A-11D0-8D11-00A0C91BC942}") = "fat32_은닉탐지", "..\fat32_은닉탐지\fat32_은닉탐지.vcxproj", "{261DBB36-2FD2-461E-B4DC-66AB1CC8DFB9}"
EndProject
Global
	GlobalSection(SolutionConfigurationPlatforms) = preSolution
		Debug|x64 = Debug|x64
		Debug|x86 = Debug|x86
		Release|x64 = Release|x64
		Release|x86 = Release|x86
	EndGlobalSection
	GlobalSection(ProjectConfigurationPlatforms) = postSolution
		{CFCE4757-7208-4A39-834A-BAEF65F83AB2}.Debug|x64.ActiveCfg = Debug|x64
		{CFCE4757-7208-4A39-834A-BAEF65F83AB2}.Debug|x64.Build.0 = Debug|x64
		{CFCE4757-7208-4A39-834A-BAEF65F83AB2}.Debug|x86.ActiveCfg = Debug|Win32
		{CFCE4757-7208-4A39-834A-BAEF65F83AB2}.Debug|x86.Build.0 = Debug|Win32
		{CFCE4757-7208-4A39-834A-BAEF65F83AB2}.Release|x64.ActiveCfg = Release|x64
		{CFCE4757-7208-4A39-834A-BAEF65F83AB2}.Release|x64.Build.0 = Release|x64
		{CFCE4757-7208-4A39-834A-BAEF65F83AB2}.Release|x86.ActiveCfg = Release|Win32
		{CFCE4757-7208-4A39-834A-BAEF65F83AB2}.Release|x86.Build.0 = Release|Win32
		{261DBB36-2FD2-461E-B4DC-66AB1CC8DFB9}.Debug|x64.ActiveCfg = Debug|x64
		{261DBB36-2FD2-461E-B4DC-66AB1CC8DFB9}.Debug|x64.Build.0 = Debug|x64
		{261DBB36-2FD2-461E-B4DC-66AB1CC8DFB9}.Debug|x86.ActiveCfg = Debug|Win32
		{261DBB36-2FD2-461E-B4DC-66AB1CC8DFB9}.Debug|x86.Build.0 = Debug|Win32
		{261DBB36-2FD2-461E-B4DC-66AB1CC8DFB9}.Release|x64.ActiveCfg = Release|x64
		{261DBB36-2FD2-461E-B4DC-66AB1CC8DFB9}.Release|x64.Build.0 = Release|x64
		{261DBB36-2FD2-461E-B4DC-66AB1CC8DFB9}.Release|x86.ActiveCfg = Release|Win32
		{261DBB36-2FD2-461E-B4DC-66AB1CC8DFB9}.Release|x86.Build.0 = Release|Win32
	EndGlobalSection
	GlobalSection(SolutionProperties) = preSolution
		HideSolutionNode = FALSE
	EndGlobalSection
	GlobalSection(ExtensibilityGlobals) = postSolution
		SolutionGuid = {FECA2B70-2643-40F8-AF72-C818F408D8F7}
	EndGlobalSection
EndGlobal
